
Microsoft Visual Studio Solution File, Format Version 12.00
# Visual Studio 14
VisualStudioVersion = 14.0.25123.0
MinimumVisualStudioVersion = 10.0.40219.1
Project("{8BB2217D-0F2D-49D1-97BC-3654ED321F3B}") = "Lucid", "Lucid\Lucid.xproj", "{E286F888-2008-438D-93B5-8DC2E0C98005}"
EndProject
Project("{8BB2217D-0F2D-49D1-97BC-3654ED321F3B}") = "Lucid.Tests", "Lucid.Tests\Lucid.Tests.xproj", "{7018C0B2-4677-44D1-BD76-157E23DB8EEC}"
EndProject
Global
	GlobalSection(SolutionConfigurationPlatforms) = preSolution
		Debug|Any CPU = Debug|Any CPU
		Release|Any CPU = Release|Any CPU
	EndGlobalSection
	GlobalSection(ProjectConfigurationPlatforms) = postSolution
		{E286F888-2008-438D-93B5-8DC2E0C98005}.Debug|Any CPU.ActiveCfg = Debug|Any CPU
		{E286F888-2008-438D-93B5-8DC2E0C98005}.Debug|Any CPU.Build.0 = Debug|Any CPU
		{E286F888-2008-438D-93B5-8DC2E0C98005}.Release|Any CPU.ActiveCfg = Release|Any CPU
		{E286F888-2008-438D-93B5-8DC2E0C98005}.Release|Any CPU.Build.0 = Release|Any CPU
		{7018C0B2-4677-44D1-BD76-157E23DB8EEC}.Debug|Any CPU.ActiveCfg = Debug|Any CPU
		{7018C0B2-4677-44D1-BD76-157E23DB8EEC}.Debug|Any CPU.Build.0 = Debug|Any CPU
		{7018C0B2-4677-44D1-BD76-157E23DB8EEC}.Release|Any CPU.ActiveCfg = Release|Any CPU
		{7018C0B2-4677-44D1-BD76-157E23DB8EEC}.Release|Any CPU.Build.0 = Release|Any CPU
	EndGlobalSection
	GlobalSection(SolutionProperties) = preSolution
		HideSolutionNode = FALSE
	EndGlobalSection
EndGlobal
